
Microsoft Visual Studio Solution File, Format Version 12.00
# Visual Studio Version 16
VisualStudioVersion = 16.0.36631.11
MinimumVisualStudioVersion = 10.0.40219.1
Project("{8BC9CEB8-8B4A-11D0-8D11-00A0C91BC942}") = "RegionFileLib", "RegionFileLib\RegionFileLib.vcxproj", "{A4520B39-E007-4534-9C40-9E16B5008D97}"
EndProject
Project("{8BC9CEB8-8B4A-11D0-8D11-00A0C91BC942}") = "zlib", "Dependencies\zlib\zlib.vcxproj", "{E304062B-8190-4215-AFFE-D2BF30DE6600}"
EndProject
Project("{8BC9CEB8-8B4A-11D0-8D11-00A0C91BC942}") = "xxhash", "Dependencies\xxhash\xxhash.vcxproj", "{DC504567-A6FA-4E8F-A354-E1ECFDDE5D81}"
EndProject
Project("{8BC9CEB8-8B4A-11D0-8D11-00A0C91BC942}") = "lz4", "Dependencies\lz4\lz4.vcxproj", "{C4D352E5-C5CE-4FBA-90CF-D220E567D4C3}"
EndProject
Global
	GlobalSection(SolutionConfigurationPlatforms) = preSolution
		Debug|x64 = Debug|x64
		Debug|x86 = Debug|x86
		Release|x64 = Release|x64
		Release|x86 = Release|x86
	EndGlobalSection
	GlobalSection(ProjectConfigurationPlatforms) = postSolution
		{A4520B39-E007-4534-9C40-9E16B5008D97}.Debug|x64.ActiveCfg = Debug|x64
		{A4520B39-E007-4534-9C40-9E16B5008D97}.Debug|x64.Build.0 = Debug|x64
		{A4520B39-E007-4534-9C40-9E16B5008D97}.Debug|x86.ActiveCfg = Debug|Win32
		{A4520B39-E007-4534-9C40-9E16B5008D97}.Debug|x86.Build.0 = Debug|Win32
		{A4520B39-E007-4534-9C40-9E16B5008D97}.Release|x64.ActiveCfg = Release|x64
		{A4520B39-E007-4534-9C40-9E16B5008D97}.Release|x64.Build.0 = Release|x64
		{A4520B39-E007-4534-9C40-9E16B5008D97}.Release|x86.ActiveCfg = Release|Win32
		{A4520B39-E007-4534-9C40-9E16B5008D97}.Release|x86.Build.0 = Release|Win32
		{E304062B-8190-4215-AFFE-D2BF30DE6600}.Debug|x64.ActiveCfg = Debug|x64
		{E304062B-8190-4215-AFFE-D2BF30DE6600}.Debug|x64.Build.0 = Debug|x64
		{E304062B-8190-4215-AFFE-D2BF30DE6600}.Debug|x86.ActiveCfg = Debug|Win32
		{E304062B-8190-4215-AFFE-D2BF30DE6600}.Debug|x86.Build.0 = Debug|Win32
		{E304062B-8190-4215-AFFE-D2BF30DE6600}.Release|x64.ActiveCfg = Release|x64
		{E304062B-8190-4215-AFFE-D2BF30DE6600}.Release|x64.Build.0 = Release|x64
		{E304062B-8190-4215-AFFE-D2BF30DE6600}.Release|x86.ActiveCfg = Release|Win32
		{E304062B-8190-4215-AFFE-D2BF30DE6600}.Release|x86.Build.0 = Release|Win32
		{DC504567-A6FA-4E8F-A354-E1ECFDDE5D81}.Debug|x64.ActiveCfg = Debug|x64
		{DC504567-A6FA-4E8F-A354-E1ECFDDE5D81}.Debug|x64.Build.0 = Debug|x64
		{DC504567-A6FA-4E8F-A354-E1ECFDDE5D81}.Debug|x86.ActiveCfg = Debug|Win32
		{DC504567-A6FA-4E8F-A354-E1ECFDDE5D81}.Debug|x86.Build.0 = Debug|Win32
		{DC504567-A6FA-4E8F-A354-E1ECFDDE5D81}.Release|x64.ActiveCfg = Release|x64
		{DC504567-A6FA-4E8F-A354-E1ECFDDE5D81}.Release|x64.Build.0 = Release|x64
		{DC504567-A6FA-4E8F-A354-E1ECFDDE5D81}.Release|x86.ActiveCfg = Release|Win32
		{DC504567-A6FA-4E8F-A354-E1ECFDDE5D81}.Release|x86.Build.0 = Release|Win32
		{C4D352E5-C5CE-4FBA-90CF-D220E567D4C3}.Debug|x64.ActiveCfg = Debug|x64
		{C4D352E5-C5CE-4FBA-90CF-D220E567D4C3}.Debug|x64.Build.0 = Debug|x64
		{C4D352E5-C5CE-4FBA-90CF-D220E567D4C3}.Debug|x86.ActiveCfg = Debug|Win32
		{C4D352E5-C5CE-4FBA-90CF-D220E567D4C3}.Debug|x86.Build.0 = Debug|Win32
		{C4D352E5-C5CE-4FBA-90CF-D220E567D4C3}.Release|x64.ActiveCfg = Release|x64
		{C4D352E5-C5CE-4FBA-90CF-D220E567D4C3}.Release|x64.Build.0 = Release|x64
		{C4D352E5-C5CE-4FBA-90CF-D220E567D4C3}.Release|x86.ActiveCfg = Release|Win32
		{C4D352E5-C5CE-4FBA-90CF-D220E567D4C3}.Release|x86.Build.0 = Release|Win32
	EndGlobalSection
	GlobalSection(SolutionProperties) = preSolution
		HideSolutionNode = FALSE
	EndGlobalSection
	GlobalSection(ExtensibilityGlobals) = postSolution
		SolutionGuid = {A2AA52BF-EB81-4B24-B07D-B6E95AB19A0E}
	EndGlobalSection
EndGlobal
